{
  "nodes": {
    "disko": {
      "inputs": {
        "nixpkgs": [
          "nixpkgs"
        ]
      },
      "locked": {
        "lastModified": 1733168902,
        "narHash": "sha256-8dupm9GfK+BowGdQd7EHK5V61nneLfr9xR6sc5vtDi0=",
        "owner": "nix-community",
        "repo": "disko",
        "rev": "785c1e02c7e465375df971949b8dcbde9ec362e5",
        "type": "github"
      },
      "original": {
        "owner": "nix-community",
        "repo": "disko",
        "type": "github"
      }
    },
    "nixos-facter-modules": {
      "locked": {
        "lastModified": 1732288619,
        "narHash": "sha256-zSQ2cR+NRJfHUVfkv+O6Wi53wXfzX8KHiO8fRfnvc0M=",
        "owner": "numtide",
        "repo": "nixos-facter-modules",
        "rev": "862648589993a96480c2255197a28feea712f68f",
        "type": "github"
      },
      "original": {
        "owner": "numtide",
        "repo": "nixos-facter-modules",
        "type": "github"
      }
    },
    "nixpkgs": {
      "locked": {
        "lastModified": 1733998719,
        "narHash": "sha256-G7WCfI1jpri8pp/YUYx0PKrhKNQcrNCv0WVWCXP6xcw=",
        "owner": "NixOS",
        "repo": "nixpkgs",
        "rev": "780d66f5ca8fa7627aacae300e47695664929fd8",
        "type": "github"
      },
      "original": {
        "owner": "NixOS",
        "ref": "release-24.11",
        "repo": "nixpkgs",
        "type": "github"
      }
    },
    "nixpkgs-stable": {
      "locked": {
        "lastModified": 1733995493,
        "narHash": "sha256-JY6F3YKpfHA3IqTVB2C/NvnGr4WAD3Wb6myS+gfMXr4=",
        "owner": "NixOS",
        "repo": "nixpkgs",
        "rev": "4462dc2332f2f37d608b4e8def1577734e016d17",
        "type": "github"
      },
      "original": {
        "owner": "NixOS",
        "ref": "release-24.05",
        "repo": "nixpkgs",
        "type": "github"
      }
    },
    "root": {
      "inputs": {
        "disko": "disko",
        "nixos-facter-modules": "nixos-facter-modules",
        "nixpkgs": "nixpkgs",
        "nixpkgs-stable": "nixpkgs-stable"
      }
    }
  },
  "root": "root",
  "version": 7
}
