{
  "nodes": {
    "disko": {
      "inputs": {
        "nixpkgs": [
          "nixpkgs"
        ]
      },
      "locked": {
        "lastModified": 1738148035,
        "narHash": "sha256-KYOATYEwaKysL3HdHdS5kbQMXvzS4iPJzJrML+3TKAo=",
        "owner": "nix-community",
        "repo": "disko",
        "rev": "18d0a984cc2bc82cf61df19523a34ad463aa7f54",
        "type": "github"
      },
      "original": {
        "owner": "nix-community",
        "repo": "disko",
        "type": "github"
      }
    },
    "nixos-facter-modules": {
      "locked": {
        "lastModified": 1736931726,
        "narHash": "sha256-aY55yiifyo1XPPpbpH0kWlV1g2dNGBlx6622b7OK8ks=",
        "owner": "numtide",
        "repo": "nixos-facter-modules",
        "rev": "fa11d87b61b2163efbb9aed7b7a5ae0299e5ab9c",
        "type": "github"
      },
      "original": {
        "owner": "numtide",
        "repo": "nixos-facter-modules",
        "type": "github"
      }
    },
    "nixpkgs": {
      "locked": {
        "lastModified": 1738579205,
        "narHash": "sha256-o6BeeanSUALvz8oL2CHOikVjCf7j+HqlA0WGvKOUX3Q=",
        "owner": "NixOS",
        "repo": "nixpkgs",
        "rev": "be5cf18b3d26ba2db938a72ade93ac8a9a7462ff",
        "type": "github"
      },
      "original": {
        "owner": "NixOS",
        "ref": "release-24.11",
        "repo": "nixpkgs",
        "type": "github"
      }
    },
    "nixpkgs-stable": {
      "locked": {
        "lastModified": 1735651292,
        "narHash": "sha256-YLbzcBtYo1/FEzFsB3AnM16qFc6fWPMIoOuSoDwvg9g=",
        "owner": "NixOS",
        "repo": "nixpkgs",
        "rev": "0da3c44a9460a26d2025ec3ed2ec60a895eb1114",
        "type": "github"
      },
      "original": {
        "owner": "NixOS",
        "ref": "release-24.05",
        "repo": "nixpkgs",
        "type": "github"
      }
    },
    "root": {
      "inputs": {
        "disko": "disko",
        "nixos-facter-modules": "nixos-facter-modules",
        "nixpkgs": "nixpkgs",
        "nixpkgs-stable": "nixpkgs-stable"
      }
    }
  },
  "root": "root",
  "version": 7
}
