{
  "nodes": {
    "disko": {
      "inputs": {
        "nixpkgs": [
          "nixpkgs"
        ]
      },
      "locked": {
        "lastModified": 1727977578,
        "narHash": "sha256-DBORKcmQ7ZjA4qE1MsnF1MmZSokOGrw4W9vTCioOv2U=",
        "owner": "nix-community",
        "repo": "disko",
        "rev": "574400001b3ffe555c7a21e0ff846230759be2ed",
        "type": "github"
      },
      "original": {
        "owner": "nix-community",
        "repo": "disko",
        "type": "github"
      }
    },
    "nixos-facter-modules": {
      "locked": {
        "lastModified": 1727694482,
        "narHash": "sha256-erluG4Za9uJ6q83Vp+zRchFxW1Z2YpIPC1nNeKKqR7g=",
        "owner": "numtide",
        "repo": "nixos-facter-modules",
        "rev": "ec6ef7d5495bb5db1b6991791625eb22d108e954",
        "type": "github"
      },
      "original": {
        "owner": "numtide",
        "repo": "nixos-facter-modules",
        "type": "github"
      }
    },
    "nixpkgs": {
      "locked": {
        "lastModified": 1728249353,
        "narHash": "sha256-7NBJm1jfMeAowE1J2oljYqWVvI9X7FyyxBY4O8uB/Os=",
        "owner": "NixOS",
        "repo": "nixpkgs",
        "rev": "c8a17040be4a20b29589cb4043a9e0c36af1930e",
        "type": "github"
      },
      "original": {
        "owner": "NixOS",
        "ref": "nixpkgs-unstable",
        "repo": "nixpkgs",
        "type": "github"
      }
    },
    "nixpkgs-stable": {
      "locked": {
        "lastModified": 1728346266,
        "narHash": "sha256-yaic9tiycsdKf8W855+4YR1WON4RdpJmqvj+Bzpq/FY=",
        "owner": "NixOS",
        "repo": "nixpkgs",
        "rev": "b5c4e15e539e18249d50a41ef14c97f4047bfcb7",
        "type": "github"
      },
      "original": {
        "owner": "NixOS",
        "ref": "release-24.05",
        "repo": "nixpkgs",
        "type": "github"
      }
    },
    "root": {
      "inputs": {
        "disko": "disko",
        "nixos-facter-modules": "nixos-facter-modules",
        "nixpkgs": "nixpkgs",
        "nixpkgs-stable": "nixpkgs-stable"
      }
    }
  },
  "root": "root",
  "version": 7
}
